
Microsoft Visual Studio Solution File, Format Version 12.00
# Visual Studio 15
VisualStudioVersion = 15.0.27004.2008
MinimumVisualStudioVersion = 10.0.40219.1
Project("{FAE04EC0-301F-11D3-BF4B-00C04F79EFBC}") = "TeemoBack", "TeemoBack\TeemoBack.csproj", "{DDE442DA-EA80-467C-8478-CFC83ED9CEF4}"
EndProject
Global
	GlobalSection(SolutionConfigurationPlatforms) = preSolution
		Debug|Any CPU = Debug|Any CPU
		Release|Any CPU = Release|Any CPU
	EndGlobalSection
	GlobalSection(ProjectConfigurationPlatforms) = postSolution
		{DDE442DA-EA80-467C-8478-CFC83ED9CEF4}.Debug|Any CPU.ActiveCfg = Debug|Any CPU
		{DDE442DA-EA80-467C-8478-CFC83ED9CEF4}.Debug|Any CPU.Build.0 = Debug|Any CPU
		{DDE442DA-EA80-467C-8478-CFC83ED9CEF4}.Release|Any CPU.ActiveCfg = Release|Any CPU
		{DDE442DA-EA80-467C-8478-CFC83ED9CEF4}.Release|Any CPU.Build.0 = Release|Any CPU
	EndGlobalSection
	GlobalSection(SolutionProperties) = preSolution
		HideSolutionNode = FALSE
	EndGlobalSection
	GlobalSection(ExtensibilityGlobals) = postSolution
		SolutionGuid = {6419F71E-1ADE-40D6-99EF-5D65E52E4255}
	EndGlobalSection
EndGlobal
